
Microsoft Visual Studio Solution File, Format Version 12.00
# Visual Studio Version 17
VisualStudioVersion = 17.11.35312.102
MinimumVisualStudioVersion = 10.0.40219.1
Project("{FAE04EC0-301F-11D3-BF4B-00C04F79EFBC}") = "in-class-cons-app", "in-class-cons-app\in-class-cons-app.csproj", "{8CA4A7E3-8810-4EA7-BC5B-6184F5CB3794}"
EndProject
Global
	GlobalSection(SolutionConfigurationPlatforms) = preSolution
		Debug|Any CPU = Debug|Any CPU
		Release|Any CPU = Release|Any CPU
	EndGlobalSection
	GlobalSection(ProjectConfigurationPlatforms) = postSolution
		{8CA4A7E3-8810-4EA7-BC5B-6184F5CB3794}.Debug|Any CPU.ActiveCfg = Debug|Any CPU
		{8CA4A7E3-8810-4EA7-BC5B-6184F5CB3794}.Debug|Any CPU.Build.0 = Debug|Any CPU
		{8CA4A7E3-8810-4EA7-BC5B-6184F5CB3794}.Release|Any CPU.ActiveCfg = Release|Any CPU
		{8CA4A7E3-8810-4EA7-BC5B-6184F5CB3794}.Release|Any CPU.Build.0 = Release|Any CPU
	EndGlobalSection
	GlobalSection(SolutionProperties) = preSolution
		HideSolutionNode = FALSE
	EndGlobalSection
	GlobalSection(ExtensibilityGlobals) = postSolution
		SolutionGuid = {4783EC90-34AA-4E8D-8D22-9B5F4D72EA67}
	EndGlobalSection
EndGlobal
