
Microsoft Visual Studio Solution File, Format Version 12.00
# Visual Studio Version 17
VisualStudioVersion = 17.11.35312.102
MinimumVisualStudioVersion = 10.0.40219.1
Project("{FAE04EC0-301F-11D3-BF4B-00C04F79EFBC}") = "Pizza", "Pizza\Pizza.csproj", "{C6AD742C-BFD4-4D33-AF20-1C172F43A6B6}"
EndProject
Global
	GlobalSection(SolutionConfigurationPlatforms) = preSolution
		Debug|Any CPU = Debug|Any CPU
		Release|Any CPU = Release|Any CPU
	EndGlobalSection
	GlobalSection(ProjectConfigurationPlatforms) = postSolution
		{C6AD742C-BFD4-4D33-AF20-1C172F43A6B6}.Debug|Any CPU.ActiveCfg = Debug|Any CPU
		{C6AD742C-BFD4-4D33-AF20-1C172F43A6B6}.Debug|Any CPU.Build.0 = Debug|Any CPU
		{C6AD742C-BFD4-4D33-AF20-1C172F43A6B6}.Release|Any CPU.ActiveCfg = Release|Any CPU
		{C6AD742C-BFD4-4D33-AF20-1C172F43A6B6}.Release|Any CPU.Build.0 = Release|Any CPU
	EndGlobalSection
	GlobalSection(SolutionProperties) = preSolution
		HideSolutionNode = FALSE
	EndGlobalSection
	GlobalSection(ExtensibilityGlobals) = postSolution
		SolutionGuid = {CF539AEC-DFCE-4BB2-A18F-59FC72278229}
	EndGlobalSection
EndGlobal
