
Microsoft Visual Studio Solution File, Format Version 12.00
# Visual Studio Version 17
VisualStudioVersion = 17.11.35327.3
MinimumVisualStudioVersion = 10.0.40219.1
Project("{FAE04EC0-301F-11D3-BF4B-00C04F79EFBC}") = "WindowsFormsApp2", "WindowsFormsApp2\WindowsFormsApp2.csproj", "{EBCD42BF-F89F-4FB0-8D6D-DB45374D52AE}"
EndProject
Global
	GlobalSection(SolutionConfigurationPlatforms) = preSolution
		Debug|Any CPU = Debug|Any CPU
		Release|Any CPU = Release|Any CPU
	EndGlobalSection
	GlobalSection(ProjectConfigurationPlatforms) = postSolution
		{EBCD42BF-F89F-4FB0-8D6D-DB45374D52AE}.Debug|Any CPU.ActiveCfg = Debug|Any CPU
		{EBCD42BF-F89F-4FB0-8D6D-DB45374D52AE}.Debug|Any CPU.Build.0 = Debug|Any CPU
		{EBCD42BF-F89F-4FB0-8D6D-DB45374D52AE}.Release|Any CPU.ActiveCfg = Release|Any CPU
		{EBCD42BF-F89F-4FB0-8D6D-DB45374D52AE}.Release|Any CPU.Build.0 = Release|Any CPU
	EndGlobalSection
	GlobalSection(SolutionProperties) = preSolution
		HideSolutionNode = FALSE
	EndGlobalSection
	GlobalSection(ExtensibilityGlobals) = postSolution
		SolutionGuid = {65C2155C-1E02-4EFF-8E4E-0D56DDFF975B}
	EndGlobalSection
EndGlobal
