
Microsoft Visual Studio Solution File, Format Version 12.00
# Visual Studio Version 17
VisualStudioVersion = 17.11.35312.102
MinimumVisualStudioVersion = 10.0.40219.1
Project("{FAE04EC0-301F-11D3-BF4B-00C04F79EFBC}") = "MathCalculations", "MathCalculations\MathCalculations.csproj", "{0185144E-5C55-471A-B783-DFA7ED4BD750}"
EndProject
Global
	GlobalSection(SolutionConfigurationPlatforms) = preSolution
		Debug|Any CPU = Debug|Any CPU
		Release|Any CPU = Release|Any CPU
	EndGlobalSection
	GlobalSection(ProjectConfigurationPlatforms) = postSolution
		{0185144E-5C55-471A-B783-DFA7ED4BD750}.Debug|Any CPU.ActiveCfg = Debug|Any CPU
		{0185144E-5C55-471A-B783-DFA7ED4BD750}.Debug|Any CPU.Build.0 = Debug|Any CPU
		{0185144E-5C55-471A-B783-DFA7ED4BD750}.Release|Any CPU.ActiveCfg = Release|Any CPU
		{0185144E-5C55-471A-B783-DFA7ED4BD750}.Release|Any CPU.Build.0 = Release|Any CPU
	EndGlobalSection
	GlobalSection(SolutionProperties) = preSolution
		HideSolutionNode = FALSE
	EndGlobalSection
	GlobalSection(ExtensibilityGlobals) = postSolution
		SolutionGuid = {3C2104FA-A4D4-4C02-9299-5D0A36C0CA2B}
	EndGlobalSection
EndGlobal
