
Microsoft Visual Studio Solution File, Format Version 12.00
# Visual Studio Version 17
VisualStudioVersion = 17.11.35312.102
MinimumVisualStudioVersion = 10.0.40219.1
Project("{FAE04EC0-301F-11D3-BF4B-00C04F79EFBC}") = "in-class-app", "in-class-app\in-class-app.csproj", "{74928AEB-B2A2-4B94-8A72-53A18D064870}"
EndProject
Global
	GlobalSection(SolutionConfigurationPlatforms) = preSolution
		Debug|Any CPU = Debug|Any CPU
		Release|Any CPU = Release|Any CPU
	EndGlobalSection
	GlobalSection(ProjectConfigurationPlatforms) = postSolution
		{74928AEB-B2A2-4B94-8A72-53A18D064870}.Debug|Any CPU.ActiveCfg = Debug|Any CPU
		{74928AEB-B2A2-4B94-8A72-53A18D064870}.Debug|Any CPU.Build.0 = Debug|Any CPU
		{74928AEB-B2A2-4B94-8A72-53A18D064870}.Release|Any CPU.ActiveCfg = Release|Any CPU
		{74928AEB-B2A2-4B94-8A72-53A18D064870}.Release|Any CPU.Build.0 = Release|Any CPU
	EndGlobalSection
	GlobalSection(SolutionProperties) = preSolution
		HideSolutionNode = FALSE
	EndGlobalSection
	GlobalSection(ExtensibilityGlobals) = postSolution
		SolutionGuid = {850C72E0-0F0C-4E3E-AFCF-EC4536A9BDC2}
	EndGlobalSection
EndGlobal
