
Microsoft Visual Studio Solution File, Format Version 12.00
# Visual Studio Version 17
VisualStudioVersion = 17.11.35312.102
MinimumVisualStudioVersion = 10.0.40219.1
Project("{FAE04EC0-301F-11D3-BF4B-00C04F79EFBC}") = "FirstConsApp", "FirstConsApp\FirstConsApp.csproj", "{D59C8100-2552-4734-926B-DF91139B11A9}"
EndProject
Global
	GlobalSection(SolutionConfigurationPlatforms) = preSolution
		Debug|Any CPU = Debug|Any CPU
		Release|Any CPU = Release|Any CPU
	EndGlobalSection
	GlobalSection(ProjectConfigurationPlatforms) = postSolution
		{D59C8100-2552-4734-926B-DF91139B11A9}.Debug|Any CPU.ActiveCfg = Debug|Any CPU
		{D59C8100-2552-4734-926B-DF91139B11A9}.Debug|Any CPU.Build.0 = Debug|Any CPU
		{D59C8100-2552-4734-926B-DF91139B11A9}.Release|Any CPU.ActiveCfg = Release|Any CPU
		{D59C8100-2552-4734-926B-DF91139B11A9}.Release|Any CPU.Build.0 = Release|Any CPU
	EndGlobalSection
	GlobalSection(SolutionProperties) = preSolution
		HideSolutionNode = FALSE
	EndGlobalSection
	GlobalSection(ExtensibilityGlobals) = postSolution
		SolutionGuid = {48264482-58CE-4A5D-9D8B-EEBC620B250F}
	EndGlobalSection
EndGlobal
