
Microsoft Visual Studio Solution File, Format Version 12.00
# Visual Studio Version 17
VisualStudioVersion = 17.11.35312.102
MinimumVisualStudioVersion = 10.0.40219.1
Project("{FAE04EC0-301F-11D3-BF4B-00C04F79EFBC}") = "Basics", "Basics\Basics.csproj", "{756A3C84-1640-45EB-81FC-4A74CE983E39}"
EndProject
Global
	GlobalSection(SolutionConfigurationPlatforms) = preSolution
		Debug|Any CPU = Debug|Any CPU
		Release|Any CPU = Release|Any CPU
	EndGlobalSection
	GlobalSection(ProjectConfigurationPlatforms) = postSolution
		{756A3C84-1640-45EB-81FC-4A74CE983E39}.Debug|Any CPU.ActiveCfg = Debug|Any CPU
		{756A3C84-1640-45EB-81FC-4A74CE983E39}.Debug|Any CPU.Build.0 = Debug|Any CPU
		{756A3C84-1640-45EB-81FC-4A74CE983E39}.Release|Any CPU.ActiveCfg = Release|Any CPU
		{756A3C84-1640-45EB-81FC-4A74CE983E39}.Release|Any CPU.Build.0 = Release|Any CPU
	EndGlobalSection
	GlobalSection(SolutionProperties) = preSolution
		HideSolutionNode = FALSE
	EndGlobalSection
	GlobalSection(ExtensibilityGlobals) = postSolution
		SolutionGuid = {7A177C86-5F77-4370-83A3-B721DAAF594F}
	EndGlobalSection
EndGlobal
